<Solution>
  <Project Path="Unity.XR.PICO.csproj" />
  <Project Path="sc.stylizedgrass.editor.csproj" />
  <Project Path="Assembly-CSharp-firstpass.csproj" />
  <Project Path="UniTask.csproj" />
  <Project Path="Pico.Spatializer.Example.csproj" />
  <Project Path="UniTask.Linq.csproj" />
  <Project Path="Assembly-CSharp.csproj" />
  <Project Path="Assembly-CSharp-Editor.csproj" />
  <Project Path="Pico.Spatializer.csproj" />
  <Project Path="Assembly-CSharp-Editor-firstpass.csproj" />
  <Project Path="sc.stylizedwater2.editor.csproj" />
  <Project Path="PICO.Platform.csproj" />
  <Project Path="PICO.TobSupport.csproj" />
  <Project Path="Unity.XR.Interaction.Toolkit.Samples.Hands.csproj" />
  <Project Path="Unity.XR.PICO.Editor.csproj" />
  <Project Path="sc.stylizedgrass.runtime.csproj" />
  <Project Path="UniTask.Addressables.csproj" />
  <Project Path="Unity.XR.PICO.LivePreview.csproj" />
  <Project Path="sc.stylizedwater2.runtime.csproj" />
  <Project Path="PICO.Platform.Editor.csproj" />
  <Project Path="Unity.XR.Interaction.Toolkit.Samples.DeviceSimulator.csproj" />
  <Project Path="Unity.XR.Interaction.Toolkit.Samples.StarterAssets.csproj" />
  <Project Path="UniTask.TextMeshPro.csproj" />
  <Project Path="ExcelImporter.ExcelImporter.csproj" />
  <Project Path="UniTask.DOTween.csproj" />
  <Project Path="Unity.XR.Hands.Samples.VisualizerSample.csproj" />
  <Project Path="ExcelImporter.Editor.csproj" />
  <Project Path="Pico.Spatializer.Editor.csproj" />
  <Project Path="UniTask.Editor.csproj" />
  <Project Path="Unity.XR.Interaction.Toolkit.Samples.Hands.Editor.csproj" />
  <Project Path="Unity.XR.PICO.LivePreview.Editor.csproj" />
  <Project Path="sc.stylizedgrass.demo.runtime.csproj" />
  <Project Path="Unity.XR.Interaction.Toolkit.Samples.StarterAssets.Editor.csproj" />
</Solution>
